
Microsoft Visual Studio Solution File, Format Version 12.00
# Visual Studio 2013
VisualStudioVersion = 12.0.21005.1
MinimumVisualStudioVersion = 10.0.40219.1
Project("{FAE04EC0-301F-11D3-BF4B-00C04F79EFBC}") = "TriangleTask", "TriangleTask\TriangleTask.csproj", "{D5C36A76-E526-4955-9980-EF5C4F737C07}"
EndProject
Project("{FAE04EC0-301F-11D3-BF4B-00C04F79EFBC}") = "TriangleTaskTest", "TriangleTaskTest\TriangleTaskTest.csproj", "{FCF9F768-9D98-4620-883A-1BA6D89BDCB1}"
EndProject
Global
	GlobalSection(SolutionConfigurationPlatforms) = preSolution
		Debug|Any CPU = Debug|Any CPU
		Release|Any CPU = Release|Any CPU
	EndGlobalSection
	GlobalSection(ProjectConfigurationPlatforms) = postSolution
		{D5C36A76-E526-4955-9980-EF5C4F737C07}.Debug|Any CPU.ActiveCfg = Debug|Any CPU
		{D5C36A76-E526-4955-9980-EF5C4F737C07}.Debug|Any CPU.Build.0 = Debug|Any CPU
		{D5C36A76-E526-4955-9980-EF5C4F737C07}.Release|Any CPU.ActiveCfg = Release|Any CPU
		{D5C36A76-E526-4955-9980-EF5C4F737C07}.Release|Any CPU.Build.0 = Release|Any CPU
		{FCF9F768-9D98-4620-883A-1BA6D89BDCB1}.Debug|Any CPU.ActiveCfg = Debug|Any CPU
		{FCF9F768-9D98-4620-883A-1BA6D89BDCB1}.Debug|Any CPU.Build.0 = Debug|Any CPU
		{FCF9F768-9D98-4620-883A-1BA6D89BDCB1}.Release|Any CPU.ActiveCfg = Release|Any CPU
		{FCF9F768-9D98-4620-883A-1BA6D89BDCB1}.Release|Any CPU.Build.0 = Release|Any CPU
	EndGlobalSection
	GlobalSection(SolutionProperties) = preSolution
		HideSolutionNode = FALSE
	EndGlobalSection
EndGlobal
